Microsoft Visual Studio Solution File, Format Version 12.00
# Visual Studio 14
VisualStudioVersion = 14.0.25420.1
MinimumVisualStudioVersion = 10.0.40219.1
Project("{FAE04EC0-301F-11D3-BF4B-00C04F79EFBC}") = "LaudoBuilder", "LaudoBuilder\LaudoBuilder.csproj", "{44C93B9F-0CAF-4BD7-A3F3-CBA76678B31B}"
EndProject
Project("{FAE04EC0-301F-11D3-BF4B-00C04F79EFBC}") = "LaudoBuilder.iOS", "iOS\LaudoBuilder.iOS.csproj", "{B3897175-845F-4CFC-869B-24D5B8966466}"
EndProject
Project("{FAE04EC0-301F-11D3-BF4B-00C04F79EFBC}") = "LaudoBuilder.Droid", "Droid\LaudoBuilder.Droid.csproj", "{6A42CE79-C611-427A-AF6C-CACD8FDE0AB5}"
EndProject
Global
	GlobalSection(SolutionConfigurationPlatforms) = preSolution
		Debug|Any CPU = Debug|Any CPU
		Debug|iPhone = Debug|iPhone
		Debug|iPhoneSimulator = Debug|iPhoneSimulator
		Release|Any CPU = Release|Any CPU
		Release|iPhone = Release|iPhone
		Release|iPhoneSimulator = Release|iPhoneSimulator
	EndGlobalSection
	GlobalSection(ProjectConfigurationPlatforms) = postSolution
		{44C93B9F-0CAF-4BD7-A3F3-CBA76678B31B}.Debug|Any CPU.ActiveCfg = Debug|Any CPU
		{44C93B9F-0CAF-4BD7-A3F3-CBA76678B31B}.Debug|Any CPU.Build.0 = Debug|Any CPU
		{44C93B9F-0CAF-4BD7-A3F3-CBA76678B31B}.Debug|iPhone.ActiveCfg = Debug|Any CPU
		{44C93B9F-0CAF-4BD7-A3F3-CBA76678B31B}.Debug|iPhone.Build.0 = Debug|Any CPU
		{44C93B9F-0CAF-4BD7-A3F3-CBA76678B31B}.Debug|iPhoneSimulator.ActiveCfg = Debug|Any CPU
		{44C93B9F-0CAF-4BD7-A3F3-CBA76678B31B}.Debug|iPhoneSimulator.Build.0 = Debug|Any CPU
		{44C93B9F-0CAF-4BD7-A3F3-CBA76678B31B}.Release|Any CPU.ActiveCfg = Release|Any CPU
		{44C93B9F-0CAF-4BD7-A3F3-CBA76678B31B}.Release|Any CPU.Build.0 = Release|Any CPU
		{44C93B9F-0CAF-4BD7-A3F3-CBA76678B31B}.Release|Any CPU.Deploy.0 = Release|Any CPU
		{44C93B9F-0CAF-4BD7-A3F3-CBA76678B31B}.Release|iPhone.ActiveCfg = Release|Any CPU
		{44C93B9F-0CAF-4BD7-A3F3-CBA76678B31B}.Release|iPhone.Build.0 = Release|Any CPU
		{44C93B9F-0CAF-4BD7-A3F3-CBA76678B31B}.Release|iPhoneSimulator.ActiveCfg = Release|Any CPU
		{44C93B9F-0CAF-4BD7-A3F3-CBA76678B31B}.Release|iPhoneSimulator.Build.0 = Release|Any CPU
		{B3897175-845F-4CFC-869B-24D5B8966466}.Debug|Any CPU.ActiveCfg = Debug|iPhoneSimulator
		{B3897175-845F-4CFC-869B-24D5B8966466}.Debug|Any CPU.Build.0 = Debug|iPhoneSimulator
		{B3897175-845F-4CFC-869B-24D5B8966466}.Debug|iPhone.ActiveCfg = Debug|iPhone
		{B3897175-845F-4CFC-869B-24D5B8966466}.Debug|iPhone.Build.0 = Debug|iPhone
		{B3897175-845F-4CFC-869B-24D5B8966466}.Debug|iPhoneSimulator.ActiveCfg = Debug|iPhoneSimulator
		{B3897175-845F-4CFC-869B-24D5B8966466}.Debug|iPhoneSimulator.Build.0 = Debug|iPhoneSimulator
		{B3897175-845F-4CFC-869B-24D5B8966466}.Release|Any CPU.ActiveCfg = Release|iPhone
		{B3897175-845F-4CFC-869B-24D5B8966466}.Release|Any CPU.Build.0 = Release|iPhone
		{B3897175-845F-4CFC-869B-24D5B8966466}.Release|iPhone.ActiveCfg = Release|iPhone
		{B3897175-845F-4CFC-869B-24D5B8966466}.Release|iPhone.Build.0 = Release|iPhone
		{B3897175-845F-4CFC-869B-24D5B8966466}.Release|iPhoneSimulator.ActiveCfg = Release|iPhoneSimulator
		{B3897175-845F-4CFC-869B-24D5B8966466}.Release|iPhoneSimulator.Build.0 = Release|iPhoneSimulator
		{6A42CE79-C611-427A-AF6C-CACD8FDE0AB5}.Debug|Any CPU.ActiveCfg = Debug|Any CPU
		{6A42CE79-C611-427A-AF6C-CACD8FDE0AB5}.Debug|Any CPU.Build.0 = Debug|Any CPU
		{6A42CE79-C611-427A-AF6C-CACD8FDE0AB5}.Debug|Any CPU.Deploy.0 = Debug|Any CPU
		{6A42CE79-C611-427A-AF6C-CACD8FDE0AB5}.Debug|iPhone.ActiveCfg = Debug|Any CPU
		{6A42CE79-C611-427A-AF6C-CACD8FDE0AB5}.Debug|iPhone.Build.0 = Debug|Any CPU
		{6A42CE79-C611-427A-AF6C-CACD8FDE0AB5}.Debug|iPhoneSimulator.ActiveCfg = Debug|Any CPU
		{6A42CE79-C611-427A-AF6C-CACD8FDE0AB5}.Debug|iPhoneSimulator.Build.0 = Debug|Any CPU
		{6A42CE79-C611-427A-AF6C-CACD8FDE0AB5}.Release|Any CPU.ActiveCfg = Release|Any CPU
		{6A42CE79-C611-427A-AF6C-CACD8FDE0AB5}.Release|Any CPU.Build.0 = Release|Any CPU
		{6A42CE79-C611-427A-AF6C-CACD8FDE0AB5}.Release|Any CPU.Deploy.0 = Release|Any CPU
		{6A42CE79-C611-427A-AF6C-CACD8FDE0AB5}.Release|iPhone.ActiveCfg = Release|Any CPU
		{6A42CE79-C611-427A-AF6C-CACD8FDE0AB5}.Release|iPhone.Build.0 = Release|Any CPU
		{6A42CE79-C611-427A-AF6C-CACD8FDE0AB5}.Release|iPhoneSimulator.ActiveCfg = Release|Any CPU
		{6A42CE79-C611-427A-AF6C-CACD8FDE0AB5}.Release|iPhoneSimulator.Build.0 = Release|Any CPU
	EndGlobalSection
	GlobalSection(SolutionProperties) = preSolution
		HideSolutionNode = FALSE
	EndGlobalSection
EndGlobal
